
Microsoft Visual Studio Solution File, Format Version 12.00
# Visual Studio Version 17
VisualStudioVersion = 17.14.36212.18 d17.14
MinimumVisualStudioVersion = 10.0.40219.1
Project("{FAE04EC0-301F-11D3-BF4B-00C04F79EFBC}") = "FlightAPIs", "FlightAPIs.csproj", "{E1D44BC4-6C06-469D-8F90-9346D209DEAA}"
EndProject
Global
	GlobalSection(SolutionConfigurationPlatforms) = preSolution
		Debug|Any CPU = Debug|Any CPU
		Release|Any CPU = Release|Any CPU
	EndGlobalSection
	GlobalSection(ProjectConfigurationPlatforms) = postSolution
		{E1D44BC4-6C06-469D-8F90-9346D209DEAA}.Debug|Any CPU.ActiveCfg = Debug|Any CPU
		{E1D44BC4-6C06-469D-8F90-9346D209DEAA}.Debug|Any CPU.Build.0 = Debug|Any CPU
		{E1D44BC4-6C06-469D-8F90-9346D209DEAA}.Release|Any CPU.ActiveCfg = Release|Any CPU
		{E1D44BC4-6C06-469D-8F90-9346D209DEAA}.Release|Any CPU.Build.0 = Release|Any CPU
	EndGlobalSection
	GlobalSection(SolutionProperties) = preSolution
		HideSolutionNode = FALSE
	EndGlobalSection
	GlobalSection(ExtensibilityGlobals) = postSolution
		SolutionGuid = {B578739F-8FFF-4D60-A891-656BE053F6A4}
	EndGlobalSection
EndGlobal
